// !$*UTF8*$!
{
	archiveVersion = 1;
	classes = {
	};
	objectVersion = 51;
	objects = {

/* Begin PBXBuildFile section */
		5D3643CB4D1DE2654669A1E4 /* Pods_Tchigomata.framework in Frameworks */ = {isa = PBXBuildFile; fileRef = 4B017F051001664CACD32820 /* Pods_Tchigomata.framework */; };
		84B9198C245FB8F200DC059E /* RollViewController.swift in Sources */ = {isa = PBXBuildFile; fileRef = 84B9198B245FB8F200DC059E /* RollViewController.swift */; };
		84B9198E245FD76C00DC059E /* CheckViewController.swift in Sources */ = {isa = PBXBuildFile; fileRef = 84B9198D245FD76C00DC059E /* CheckViewController.swift */; };
		84B91990245FF4A300DC059E /* HomeViewController.swift in Sources */ = {isa = PBXBuildFile; fileRef = 84B9198F245FF4A300DC059E /* HomeViewController.swift */; };
		8901B255245E245600302C06 /* EditViewController.swift in Sources */ = {isa = PBXBuildFile; fileRef = 8901B254245E245600302C06 /* EditViewController.swift */; };
		893C3E39245BD16100CB07C0 /* AddViewController.swift in Sources */ = {isa = PBXBuildFile; fileRef = 893C3E38245BD16100CB07C0 /* AddViewController.swift */; };
		89D99FAF244A22EC00384A74 /* AppDelegate.swift in Sources */ = {isa = PBXBuildFile; fileRef = 89D99FAE244A22EC00384A74 /* AppDelegate.swift */; };
		89D99FB1244A22EC00384A74 /* SceneDelegate.swift in Sources */ = {isa = PBXBuildFile; fileRef = 89D99FB0244A22EC00384A74 /* SceneDelegate.swift */; };
		89D99FB3244A22EC00384A74 /* ViewController.swift in Sources */ = {isa = PBXBuildFile; fileRef = 89D99FB2244A22EC00384A74 /* ViewController.swift */; };
		89D99FB6244A22EC00384A74 /* Main.storyboard in Resources */ = {isa = PBXBuildFile; fileRef = 89D99FB4244A22EC00384A74 /* Main.storyboard */; };
		89D99FB8244A22EF00384A74 /* Assets.xcassets in Resources */ = {isa = PBXBuildFile; fileRef = 89D99FB7244A22EF00384A74 /* Assets.xcassets */; };
		89D99FBB244A22EF00384A74 /* LaunchScreen.storyboard in Resources */ = {isa = PBXBuildFile; fileRef = 89D99FB9244A22EF00384A74 /* LaunchScreen.storyboard */; };
		89D99FC6244A22F000384A74 /* TchigomataTests.swift in Sources */ = {isa = PBXBuildFile; fileRef = 89D99FC5244A22F000384A74 /* TchigomataTests.swift */; };
		89D99FD1244A22F000384A74 /* TchigomataUITests.swift in Sources */ = {isa = PBXBuildFile; fileRef = 89D99FD0244A22F000384A74 /* TchigomataUITests.swift */; };
		AE18E6D8ED98F6B5361F1A34 /* Pods_Tchigomata_TchigomataUITests.framework in Frameworks */ = {isa = PBXBuildFile; fileRef = 79E19E209073A93622BEBCCA /* Pods_Tchigomata_TchigomataUITests.framework */; };
		D1AFF327709B743175DC3BF9 /* Pods_TchigomataTests.framework in Frameworks */ = {isa = PBXBuildFile; fileRef = 049CA6EAC7DD3ABA199BB4B7 /* Pods_TchigomataTests.framework */; };
		D21E207F245F813700FC46AC /* OneViewController.swift in Sources */ = {isa = PBXBuildFile; fileRef = D21E207E245F813700FC46AC /* OneViewController.swift */; };
/* End PBXBuildFile section */

/* Begin PBXContainerItemProxy section */
		89D99FC2244A22F000384A74 /* PBXContainerItemProxy */ = {
			isa = PBXContainerItemProxy;
			containerPortal = 89D99FA3244A22EC00384A74 /* Project object */;
			proxyType = 1;
			remoteGlobalIDString = 89D99FAA244A22EC00384A74;
			remoteInfo = Tchigomata;
		};
		89D99FCD244A22F000384A74 /* PBXContainerItemProxy */ = {
			isa = PBXContainerItemProxy;
			containerPortal = 89D99FA3244A22EC00384A74 /* Project object */;
			proxyType = 1;
			remoteGlobalIDString = 89D99FAA244A22EC00384A74;
			remoteInfo = Tchigomata;
		};
/* End PBXContainerItemProxy section */

/* Begin PBXFileReference section */
		049CA6EAC7DD3ABA199BB4B7 /* Pods_TchigomataTests.framework */ = {isa = PBXFileReference; explicitFileType = wrapper.framework; includeInIndex = 0; path = Pods_TchigomataTests.framework; sourceTree = BUILT_PRODUCTS_DIR; };
		4919C4DB63D3377AEFF4E83B /* Pods-TchigomataTests.debug.xcconfig */ = {isa = PBXFileReference; includeInIndex = 1; lastKnownFileType = text.xcconfig; name = "Pods-TchigomataTests.debug.xcconfig"; path = "Target Support Files/Pods-TchigomataTests/Pods-TchigomataTests.debug.xcconfig"; sourceTree = "<group>"; };
		4B017F051001664CACD32820 /* Pods_Tchigomata.framework */ = {isa = PBXFileReference; explicitFileType = wrapper.framework; includeInIndex = 0; path = Pods_Tchigomata.framework; sourceTree = BUILT_PRODUCTS_DIR; };
		5309B46FC17B4453953AC473 /* Pods-TchigomataTests.release.xcconfig */ = {isa = PBXFileReference; includeInIndex = 1; lastKnownFileType = text.xcconfig; name = "Pods-TchigomataTests.release.xcconfig"; path = "Target Support Files/Pods-TchigomataTests/Pods-TchigomataTests.release.xcconfig"; sourceTree = "<group>"; };
		61EC331292109E7E7512D3C7 /* Pods-Tchigomata.debug.xcconfig */ = {isa = PBXFileReference; includeInIndex = 1; lastKnownFileType = text.xcconfig; name = "Pods-Tchigomata.debug.xcconfig"; path = "Target Support Files/Pods-Tchigomata/Pods-Tchigomata.debug.xcconfig"; sourceTree = "<group>"; };
		79E19E209073A93622BEBCCA /* Pods_Tchigomata_TchigomataUITests.framework */ = {isa = PBXFileReference; explicitFileType = wrapper.framework; includeInIndex = 0; path = Pods_Tchigomata_TchigomataUITests.framework; sourceTree = BUILT_PRODUCTS_DIR; };
		84B9198B245FB8F200DC059E /* RollViewController.swift */ = {isa = PBXFileReference; lastKnownFileType = sourcecode.swift; path = RollViewController.swift; sourceTree = "<group>"; };
		84B9198D245FD76C00DC059E /* CheckViewController.swift */ = {isa = PBXFileReference; lastKnownFileType = sourcecode.swift; path = CheckViewController.swift; sourceTree = "<group>"; };
		84B9198F245FF4A300DC059E /* HomeViewController.swift */ = {isa = PBXFileReference; lastKnownFileType = sourcecode.swift; path = HomeViewController.swift; sourceTree = "<group>"; };
		8901B254245E245600302C06 /* EditViewController.swift */ = {isa = PBXFileReference; lastKnownFileType = sourcecode.swift; path = EditViewController.swift; sourceTree = "<group>"; };
		893C3E38245BD16100CB07C0 /* AddViewController.swift */ = {isa = PBXFileReference; lastKnownFileType = sourcecode.swift; path = AddViewController.swift; sourceTree = "<group>"; };
		89D99FAB244A22EC00384A74 /* Tchigomata.app */ = {isa = PBXFileReference; explicitFileType = wrapper.application; includeInIndex = 0; path = Tchigomata.app; sourceTree = BUILT_PRODUCTS_DIR; };
		89D99FAE244A22EC00384A74 /* AppDelegate.swift */ = {isa = PBXFileReference; lastKnownFileType = sourcecode.swift; path = AppDelegate.swift; sourceTree = "<group>"; };
		89D99FB0244A22EC00384A74 /* SceneDelegate.swift */ = {isa = PBXFileReference; lastKnownFileType = sourcecode.swift; path = SceneDelegate.swift; sourceTree = "<group>"; };
		89D99FB2244A22EC00384A74 /* ViewController.swift */ = {isa = PBXFileReference; lastKnownFileType = sourcecode.swift; path = ViewController.swift; sourceTree = "<group>"; };
		89D99FB5244A22EC00384A74 /* Base */ = {isa = PBXFileReference; lastKnownFileType = file.storyboard; name = Base; path = Base.lproj/Main.storyboard; sourceTree = "<group>"; };
		89D99FB7244A22EF00384A74 /* Assets.xcassets */ = {isa = PBXFileReference; lastKnownFileType = folder.assetcatalog; path = Assets.xcassets; sourceTree = "<group>"; };
		89D99FBA244A22EF00384A74 /* Base */ = {isa = PBXFileReference; lastKnownFileType = file.storyboard; name = Base; path = Base.lproj/LaunchScreen.storyboard; sourceTree = "<group>"; };
		89D99FBC244A22EF00384A74 /* Info.plist */ = {isa = PBXFileReference; lastKnownFileType = text.plist.xml; path = Info.plist; sourceTree = "<group>"; };
		89D99FC1244A22F000384A74 /* TchigomataTests.xctest */ = {isa = PBXFileReference; explicitFileType = wrapper.cfbundle; includeInIndex = 0; path = TchigomataTests.xctest; sourceTree = BUILT_PRODUCTS_DIR; };
		89D99FC5244A22F000384A74 /* TchigomataTests.swift */ = {isa = PBXFileReference; lastKnownFileType = sourcecode.swift; path = TchigomataTests.swift; sourceTree = "<group>"; };
		89D99FC7244A22F000384A74 /* Info.plist */ = {isa = PBXFileReference; lastKnownFileType = text.plist.xml; path = Info.plist; sourceTree = "<group>"; };
		89D99FCC244A22F000384A74 /* TchigomataUITests.xctest */ = {isa = PBXFileReference; explicitFileType = wrapper.cfbundle; includeInIndex = 0; path = TchigomataUITests.xctest; sourceTree = BUILT_PRODUCTS_DIR; };
		89D99FD0244A22F000384A74 /* TchigomataUITests.swift */ = {isa = PBXFileReference; lastKnownFileType = sourcecode.swift; path = TchigomataUITests.swift; sourceTree = "<group>"; };
		89D99FD2244A22F000384A74 /* Info.plist */ = {isa = PBXFileReference; lastKnownFileType = text.plist.xml; path = Info.plist; sourceTree = "<group>"; };
		B1D92143E4A4F5D1D7EFFA96 /* Pods-Tchigomata-TchigomataUITests.release.xcconfig */ = {isa = PBXFileReference; includeInIndex = 1; lastKnownFileType = text.xcconfig; name = "Pods-Tchigomata-TchigomataUITests.release.xcconfig"; path = "Target Support Files/Pods-Tchigomata-TchigomataUITests/Pods-Tchigomata-TchigomataUITests.release.xcconfig"; sourceTree = "<group>"; };
		BE57986C49E1A469D7169853 /* Pods-Tchigomata-TchigomataUITests.debug.xcconfig */ = {isa = PBXFileReference; includeInIndex = 1; lastKnownFileType = text.xcconfig; name = "Pods-Tchigomata-TchigomataUITests.debug.xcconfig"; path = "Target Support Files/Pods-Tchigomata-TchigomataUITests/Pods-Tchigomata-TchigomataUITests.debug.xcconfig"; sourceTree = "<group>"; };
		D21E207E245F813700FC46AC /* OneViewController.swift */ = {isa = PBXFileReference; lastKnownFileType = sourcecode.swift; path = OneViewController.swift; sourceTree = "<group>"; };
		FFD60608A81AF08504183302 /* Pods-Tchigomata.release.xcconfig */ = {isa = PBXFileReference; includeInIndex = 1; lastKnownFileType = text.xcconfig; name = "Pods-Tchigomata.release.xcconfig"; path = "Target Support Files/Pods-Tchigomata/Pods-Tchigomata.release.xcconfig"; sourceTree = "<group>"; };
/* End PBXFileReference section */

/* Begin PBXFrameworksBuildPhase section */
		89D99FA8244A22EC00384A74 /* Frameworks */ = {
			isa = PBXFrameworksBuildPhase;
			buildActionMask = 2147483647;
			files = (
				5D3643CB4D1DE2654669A1E4 /* Pods_Tchigomata.framework in Frameworks */,
			);
			runOnlyForDeploymentPostprocessing = 0;
		};
		89D99FBE244A22F000384A74 /* Frameworks */ = {
			isa = PBXFrameworksBuildPhase;
			buildActionMask = 2147483647;
			files = (
				D1AFF327709B743175DC3BF9 /* Pods_TchigomataTests.framework in Frameworks */,
			);
			runOnlyForDeploymentPostprocessing = 0;
		};
		89D99FC9244A22F000384A74 /* Frameworks */ = {
			isa = PBXFrameworksBuildPhase;
			buildActionMask = 2147483647;
			files = (
				AE18E6D8ED98F6B5361F1A34 /* Pods_Tchigomata_TchigomataUITests.framework in Frameworks */,
			);
			runOnlyForDeploymentPostprocessing = 0;
		};
/* End PBXFrameworksBuildPhase section */

/* Begin PBXGroup section */
		1A541601CE243876A57014CC /* Frameworks */ = {
			isa = PBXGroup;
			children = (
				4B017F051001664CACD32820 /* Pods_Tchigomata.framework */,
				79E19E209073A93622BEBCCA /* Pods_Tchigomata_TchigomataUITests.framework */,
				049CA6EAC7DD3ABA199BB4B7 /* Pods_TchigomataTests.framework */,
			);
			name = Frameworks;
			sourceTree = "<group>";
		};
		3807302348F6B42294F7AC20 /* Pods */ = {
			isa = PBXGroup;
			children = (
				61EC331292109E7E7512D3C7 /* Pods-Tchigomata.debug.xcconfig */,
				FFD60608A81AF08504183302 /* Pods-Tchigomata.release.xcconfig */,
				BE57986C49E1A469D7169853 /* Pods-Tchigomata-TchigomataUITests.debug.xcconfig */,
				B1D92143E4A4F5D1D7EFFA96 /* Pods-Tchigomata-TchigomataUITests.release.xcconfig */,
				4919C4DB63D3377AEFF4E83B /* Pods-TchigomataTests.debug.xcconfig */,
				5309B46FC17B4453953AC473 /* Pods-TchigomataTests.release.xcconfig */,
			);
			path = Pods;
			sourceTree = "<group>";
		};
		89D99FA2244A22EC00384A74 = {
			isa = PBXGroup;
			children = (
				89D99FAD244A22EC00384A74 /* Tchigomata */,
				89D99FC4244A22F000384A74 /* TchigomataTests */,
				89D99FCF244A22F000384A74 /* TchigomataUITests */,
				89D99FAC244A22EC00384A74 /* Products */,
				3807302348F6B42294F7AC20 /* Pods */,
				1A541601CE243876A57014CC /* Frameworks */,
			);
			sourceTree = "<group>";
		};
		89D99FAC244A22EC00384A74 /* Products */ = {
			isa = PBXGroup;
			children = (
				89D99FAB244A22EC00384A74 /* Tchigomata.app */,
				89D99FC1244A22F000384A74 /* TchigomataTests.xctest */,
				89D99FCC244A22F000384A74 /* TchigomataUITests.xctest */,
			);
			name = Products;
			sourceTree = "<group>";
		};
		89D99FAD244A22EC00384A74 /* Tchigomata */ = {
			isa = PBXGroup;
			children = (
				89D99FAE244A22EC00384A74 /* AppDelegate.swift */,
				89D99FB0244A22EC00384A74 /* SceneDelegate.swift */,
				89D99FB2244A22EC00384A74 /* ViewController.swift */,
				89D99FB4244A22EC00384A74 /* Main.storyboard */,
				89D99FB7244A22EF00384A74 /* Assets.xcassets */,
				89D99FB9244A22EF00384A74 /* LaunchScreen.storyboard */,
				89D99FBC244A22EF00384A74 /* Info.plist */,
				893C3E38245BD16100CB07C0 /* AddViewController.swift */,
				D21E207E245F813700FC46AC /* OneViewController.swift */,
				8901B254245E245600302C06 /* EditViewController.swift */,
				84B9198B245FB8F200DC059E /* RollViewController.swift */,
				84B9198D245FD76C00DC059E /* CheckViewController.swift */,
				84B9198F245FF4A300DC059E /* HomeViewController.swift */,
			);
			path = Tchigomata;
			sourceTree = "<group>";
		};
		89D99FC4244A22F000384A74 /* TchigomataTests */ = {
			isa = PBXGroup;
			children = (
				89D99FC5244A22F000384A74 /* TchigomataTests.swift */,
				89D99FC7244A22F000384A74 /* Info.plist */,
			);
			path = TchigomataTests;
			sourceTree = "<group>";
		};
		89D99FCF244A22F000384A74 /* TchigomataUITests */ = {
			isa = PBXGroup;
			children = (
				89D99FD0244A22F000384A74 /* TchigomataUITests.swift */,
				89D99FD2244A22F000384A74 /* Info.plist */,
			);
			path = TchigomataUITests;
			sourceTree = "<group>";
		};
/* End PBXGroup section */

/* Begin PBXNativeTarget section */
		89D99FAA244A22EC00384A74 /* Tchigomata */ = {
			isa = PBXNativeTarget;
			buildConfigurationList = 89D99FD5244A22F000384A74 /* Build configuration list for PBXNativeTarget "Tchigomata" */;
			buildPhases = (
				E9807DD915D77D73C33EE4F7 /* [CP] Check Pods Manifest.lock */,
				89D99FA7244A22EC00384A74 /* Sources */,
				89D99FA8244A22EC00384A74 /* Frameworks */,
				89D99FA9244A22EC00384A74 /* Resources */,
				2C42EB6BCE6ED97B7F426909 /* [CP] Embed Pods Frameworks */,
			);
			buildRules = (
			);
			dependencies = (
			);
			name = Tchigomata;
			productName = Tchigomata;
			productReference = 89D99FAB244A22EC00384A74 /* Tchigomata.app */;
			productType = "com.apple.product-type.application";
		};
		89D99FC0244A22F000384A74 /* TchigomataTests */ = {
			isa = PBXNativeTarget;
			buildConfigurationList = 89D99FD8244A22F000384A74 /* Build configuration list for PBXNativeTarget "TchigomataTests" */;
			buildPhases = (
				ECFCA7C123AB98FF32E88D1C /* [CP] Check Pods Manifest.lock */,
				89D99FBD244A22F000384A74 /* Sources */,
				89D99FBE244A22F000384A74 /* Frameworks */,
				89D99FBF244A22F000384A74 /* Resources */,
			);
			buildRules = (
			);
			dependencies = (
				89D99FC3244A22F000384A74 /* PBXTargetDependency */,
			);
			name = TchigomataTests;
			productName = TchigomataTests;
			productReference = 89D99FC1244A22F000384A74 /* TchigomataTests.xctest */;
			productType = "com.apple.product-type.bundle.unit-test";
		};
		89D99FCB244A22F000384A74 /* TchigomataUITests */ = {
			isa = PBXNativeTarget;
			buildConfigurationList = 89D99FDB244A22F000384A74 /* Build configuration list for PBXNativeTarget "TchigomataUITests" */;
			buildPhases = (
				0FF88621F4216B76028DB217 /* [CP] Check Pods Manifest.lock */,
				89D99FC8244A22F000384A74 /* Sources */,
				89D99FC9244A22F000384A74 /* Frameworks */,
				89D99FCA244A22F000384A74 /* Resources */,
				BC7B4881C59424B231FCE867 /* [CP] Embed Pods Frameworks */,
			);
			buildRules = (
			);
			dependencies = (
				89D99FCE244A22F000384A74 /* PBXTargetDependency */,
			);
			name = TchigomataUITests;
			productName = TchigomataUITests;
			productReference = 89D99FCC244A22F000384A74 /* TchigomataUITests.xctest */;
			productType = "com.apple.product-type.bundle.ui-testing";
		};
/* End PBXNativeTarget section */

/* Begin PBXProject section */
		89D99FA3244A22EC00384A74 /* Project object */ = {
			isa = PBXProject;
			attributes = {
				LastSwiftUpdateCheck = 1130;
				LastUpgradeCheck = 1130;
				ORGANIZATIONNAME = NYU;
				TargetAttributes = {
					89D99FAA244A22EC00384A74 = {
						CreatedOnToolsVersion = 11.3.1;
					};
					89D99FC0244A22F000384A74 = {
						CreatedOnToolsVersion = 11.3.1;
						TestTargetID = 89D99FAA244A22EC00384A74;
					};
					89D99FCB244A22F000384A74 = {
						CreatedOnToolsVersion = 11.3.1;
						TestTargetID = 89D99FAA244A22EC00384A74;
					};
				};
			};
			buildConfigurationList = 89D99FA6244A22EC00384A74 /* Build configuration list for PBXProject "Tchigomata" */;
			compatibilityVersion = "Xcode 9.3";
			developmentRegion = en;
			hasScannedForEncodings = 0;
			knownRegions = (
				en,
				Base,
			);
			mainGroup = 89D99FA2244A22EC00384A74;
			productRefGroup = 89D99FAC244A22EC00384A74 /* Products */;
			projectDirPath = "";
			projectRoot = "";
			targets = (
				89D99FAA244A22EC00384A74 /* Tchigomata */,
				89D99FC0244A22F000384A74 /* TchigomataTests */,
				89D99FCB244A22F000384A74 /* TchigomataUITests */,
			);
		};
/* End PBXProject section */

/* Begin PBXResourcesBuildPhase section */
		89D99FA9244A22EC00384A74 /* Resources */ = {
			isa = PBXResourcesBuildPhase;
			buildActionMask = 2147483647;
			files = (
				89D99FBB244A22EF00384A74 /* LaunchScreen.storyboard in Resources */,
				89D99FB8244A22EF00384A74 /* Assets.xcassets in Resources */,
				89D99FB6244A22EC00384A74 /* Main.storyboard in Resources */,
			);
			runOnlyForDeploymentPostprocessing = 0;
		};
		89D99FBF244A22F000384A74 /* Resources */ = {
			isa = PBXResourcesBuildPhase;
			buildActionMask = 2147483647;
			files = (
			);
			runOnlyForDeploymentPostprocessing = 0;
		};
		89D99FCA244A22F000384A74 /* Resources */ = {
			isa = PBXResourcesBuildPhase;
			buildActionMask = 2147483647;
			files = (
			);
			runOnlyForDeploymentPostprocessing = 0;
		};
/* End PBXResourcesBuildPhase section */

/* Begin PBXShellScriptBuildPhase section */
		0FF88621F4216B76028DB217 /* [CP] Check Pods Manifest.lock */ = {
			isa = PBXShellScriptBuildPhase;
			buildActionMask = 2147483647;
			files = (
			);
			inputFileListPaths = (
			);
			inputPaths = (
				"${PODS_PODFILE_DIR_PATH}/Podfile.lock",
				"${PODS_ROOT}/Manifest.lock",
			);
			name = "[CP] Check Pods Manifest.lock";
			outputFileListPaths = (
			);
			outputPaths = (
				"$(DERIVED_FILE_DIR)/Pods-Tchigomata-TchigomataUITests-checkManifestLockResult.txt",
			);
			runOnlyForDeploymentPostprocessing = 0;
			shellPath = /bin/sh;
			shellScript = "diff \"${PODS_PODFILE_DIR_PATH}/Podfile.lock\" \"${PODS_ROOT}/Manifest.lock\" > /dev/null\nif [ $? != 0 ] ; then\n    # print error to STDERR\n    echo \"error: The sandbox is not in sync with the Podfile.lock. Run 'pod install' or update your CocoaPods installation.\" >&2\n    exit 1\nfi\n# This output is used by Xcode 'outputs' to avoid re-running this script phase.\necho \"SUCCESS\" > \"${SCRIPT_OUTPUT_FILE_0}\"\n";
			showEnvVarsInLog = 0;
		};
		2C42EB6BCE6ED97B7F426909 /* [CP] Embed Pods Frameworks */ = {
			isa = PBXShellScriptBuildPhase;
			buildActionMask = 2147483647;
			files = (
			);
			inputFileListPaths = (
				"${PODS_ROOT}/Target Support Files/Pods-Tchigomata/Pods-Tchigomata-frameworks-${CONFIGURATION}-input-files.xcfilelist",
			);
			name = "[CP] Embed Pods Frameworks";
			outputFileListPaths = (
				"${PODS_ROOT}/Target Support Files/Pods-Tchigomata/Pods-Tchigomata-frameworks-${CONFIGURATION}-output-files.xcfilelist",
			);
			runOnlyForDeploymentPostprocessing = 0;
			shellPath = /bin/sh;
			shellScript = "\"${PODS_ROOT}/Target Support Files/Pods-Tchigomata/Pods-Tchigomata-frameworks.sh\"\n";
			showEnvVarsInLog = 0;
		};
		BC7B4881C59424B231FCE867 /* [CP] Embed Pods Frameworks */ = {
			isa = PBXShellScriptBuildPhase;
			buildActionMask = 2147483647;
			files = (
			);
			inputFileListPaths = (
				"${PODS_ROOT}/Target Support Files/Pods-Tchigomata-TchigomataUITests/Pods-Tchigomata-TchigomataUITests-frameworks-${CONFIGURATION}-input-files.xcfilelist",
			);
			name = "[CP] Embed Pods Frameworks";
			outputFileListPaths = (
				"${PODS_ROOT}/Target Support Files/Pods-Tchigomata-TchigomataUITests/Pods-Tchigomata-TchigomataUITests-frameworks-${CONFIGURATION}-output-files.xcfilelist",
			);
			runOnlyForDeploymentPostprocessing = 0;
			shellPath = /bin/sh;
			shellScript = "\"${PODS_ROOT}/Target Support Files/Pods-Tchigomata-TchigomataUITests/Pods-Tchigomata-TchigomataUITests-frameworks.sh\"\n";
			showEnvVarsInLog = 0;
		};
		E9807DD915D77D73C33EE4F7 /* [CP] Check Pods Manifest.lock */ = {
			isa = PBXShellScriptBuildPhase;
			buildActionMask = 2147483647;
			files = (
			);
			inputFileListPaths = (
			);
			inputPaths = (
				"${PODS_PODFILE_DIR_PATH}/Podfile.lock",
				"${PODS_ROOT}/Manifest.lock",
			);
			name = "[CP] Check Pods Manifest.lock";
			outputFileListPaths = (
			);
			outputPaths = (
				"$(DERIVED_FILE_DIR)/Pods-Tchigomata-checkManifestLockResult.txt",
			);
			runOnlyForDeploymentPostprocessing = 0;
			shellPath = /bin/sh;
			shellScript = "diff \"${PODS_PODFILE_DIR_PATH}/Podfile.lock\" \"${PODS_ROOT}/Manifest.lock\" > /dev/null\nif [ $? != 0 ] ; then\n    # print error to STDERR\n    echo \"error: The sandbox is not in sync with the Podfile.lock. Run 'pod install' or update your CocoaPods installation.\" >&2\n    exit 1\nfi\n# This output is used by Xcode 'outputs' to avoid re-running this script phase.\necho \"SUCCESS\" > \"${SCRIPT_OUTPUT_FILE_0}\"\n";
			showEnvVarsInLog = 0;
		};
		ECFCA7C123AB98FF32E88D1C /* [CP] Check Pods Manifest.lock */ = {
			isa = PBXShellScriptBuildPhase;
			buildActionMask = 2147483647;
			files = (
			);
			inputFileListPaths = (
			);
			inputPaths = (
				"${PODS_PODFILE_DIR_PATH}/Podfile.lock",
				"${PODS_ROOT}/Manifest.lock",
			);
			name = "[CP] Check Pods Manifest.lock";
			outputFileListPaths = (
			);
			outputPaths = (
				"$(DERIVED_FILE_DIR)/Pods-TchigomataTests-checkManifestLockResult.txt",
			);
			runOnlyForDeploymentPostprocessing = 0;
			shellPath = /bin/sh;
			shellScript = "diff \"${PODS_PODFILE_DIR_PATH}/Podfile.lock\" \"${PODS_ROOT}/Manifest.lock\" > /dev/null\nif [ $? != 0 ] ; then\n    # print error to STDERR\n    echo \"error: The sandbox is not in sync with the Podfile.lock. Run 'pod install' or update your CocoaPods installation.\" >&2\n    exit 1\nfi\n# This output is used by Xcode 'outputs' to avoid re-running this script phase.\necho \"SUCCESS\" > \"${SCRIPT_OUTPUT_FILE_0}\"\n";
			showEnvVarsInLog = 0;
		};
/* End PBXShellScriptBuildPhase section */

/* Begin PBXSourcesBuildPhase section */
		89D99FA7244A22EC00384A74 /* Sources */ = {
			isa = PBXSourcesBuildPhase;
			buildActionMask = 2147483647;
			files = (
				8901B255245E245600302C06 /* EditViewController.swift in Sources */,
				84B9198E245FD76C00DC059E /* CheckViewController.swift in Sources */,
				89D99FB3244A22EC00384A74 /* ViewController.swift in Sources */,
				89D99FAF244A22EC00384A74 /* AppDelegate.swift in Sources */,
				84B9198C245FB8F200DC059E /* RollViewController.swift in Sources */,
				D21E207F245F813700FC46AC /* OneViewController.swift in Sources */,
				84B91990245FF4A300DC059E /* HomeViewController.swift in Sources */,
				893C3E39245BD16100CB07C0 /* AddViewController.swift in Sources */,
				89D99FB1244A22EC00384A74 /* SceneDelegate.swift in Sources */,
			);
			runOnlyForDeploymentPostprocessing = 0;
		};
		89D99FBD244A22F000384A74 /* Sources */ = {
			isa = PBXSourcesBuildPhase;
			buildActionMask = 2147483647;
			files = (
				89D99FC6244A22F000384A74 /* TchigomataTests.swift in Sources */,
			);
			runOnlyForDeploymentPostprocessing = 0;
		};
		89D99FC8244A22F000384A74 /* Sources */ = {
			isa = PBXSourcesBuildPhase;
			buildActionMask = 2147483647;
			files = (
				89D99FD1244A22F000384A74 /* TchigomataUITests.swift in Sources */,
			);
			runOnlyForDeploymentPostprocessing = 0;
		};
/* End PBXSourcesBuildPhase section */

/* Begin PBXTargetDependency section */
		89D99FC3244A22F000384A74 /* PBXTargetDependency */ = {
			isa = PBXTargetDependency;
			target = 89D99FAA244A22EC00384A74 /* Tchigomata */;
			targetProxy = 89D99FC2244A22F000384A74 /* PBXContainerItemProxy */;
		};
		89D99FCE244A22F000384A74 /* PBXTargetDependency */ = {
			isa = PBXTargetDependency;
			target = 89D99FAA244A22EC00384A74 /* Tchigomata */;
			targetProxy = 89D99FCD244A22F000384A74 /* PBXContainerItemProxy */;
		};
/* End PBXTargetDependency section */

/* Begin PBXVariantGroup section */
		89D99FB4244A22EC00384A74 /* Main.storyboard */ = {
			isa = PBXVariantGroup;
			children = (
				89D99FB5244A22EC00384A74 /* Base */,
			);
			name = Main.storyboard;
			sourceTree = "<group>";
		};
		89D99FB9244A22EF00384A74 /* LaunchScreen.storyboard */ = {
			isa = PBXVariantGroup;
			children = (
				89D99FBA244A22EF00384A74 /* Base */,
			);
			name = LaunchScreen.storyboard;
			sourceTree = "<group>";
		};
/* End PBXVariantGroup section */

/* Begin XCBuildConfiguration section */
		89D99FD3244A22F000384A74 /* Debug */ = {
			isa = XCBuildConfiguration;
			buildSettings = {
				ALWAYS_SEARCH_USER_PATHS = NO;
				CLANG_ANALYZER_NONNULL = YES;
				CLANG_ANALYZER_NUMBER_OBJECT_CONVERSION = YES_AGGRESSIVE;
				CLANG_CXX_LANGUAGE_STANDARD = "gnu++14";
				CLANG_CXX_LIBRARY = "libc++";
				CLANG_ENABLE_MODULES = YES;
				CLANG_ENABLE_OBJC_ARC = YES;
				CLANG_ENABLE_OBJC_WEAK = YES;
				CLANG_WARN_BLOCK_CAPTURE_AUTORELEASING = YES;
				CLANG_WARN_BOOL_CONVERSION = YES;
				CLANG_WARN_COMMA = YES;
				CLANG_WARN_CONSTANT_CONVERSION = YES;
				CLANG_WARN_DEPRECATED_OBJC_IMPLEMENTATIONS = YES;
				CLANG_WARN_DIRECT_OBJC_ISA_USAGE = YES_ERROR;
				CLANG_WARN_DOCUMENTATION_COMMENTS = YES;
				CLANG_WARN_EMPTY_BODY = YES;
				CLANG_WARN_ENUM_CONVERSION = YES;
				CLANG_WARN_INFINITE_RECURSION = YES;
				CLANG_WARN_INT_CONVERSION = YES;
				CLANG_WARN_NON_LITERAL_NULL_CONVERSION = YES;
				CLANG_WARN_OBJC_IMPLICIT_RETAIN_SELF = YES;
				CLANG_WARN_OBJC_LITERAL_CONVERSION = YES;
				CLANG_WARN_OBJC_ROOT_CLASS = YES_ERROR;
				CLANG_WARN_RANGE_LOOP_ANALYSIS = YES;
				CLANG_WARN_STRICT_PROTOTYPES = YES;
				CLANG_WARN_SUSPICIOUS_MOVE = YES;
				CLANG_WARN_UNGUARDED_AVAILABILITY = YES_AGGRESSIVE;
				CLANG_WARN_UNREACHABLE_CODE = YES;
				CLANG_WARN__DUPLICATE_METHOD_MATCH = YES;
				COPY_PHASE_STRIP = NO;
				DEBUG_INFORMATION_FORMAT = dwarf;
				ENABLE_STRICT_OBJC_MSGSEND = YES;
				ENABLE_TESTABILITY = YES;
				GCC_C_LANGUAGE_STANDARD = gnu11;
				GCC_DYNAMIC_NO_PIC = NO;
				GCC_NO_COMMON_BLOCKS = YES;
				GCC_OPTIMIZATION_LEVEL = 0;
				GCC_PREPROCESSOR_DEFINITIONS = (
					"DEBUG=1",
					"$(inherited)",
				);
				GCC_WARN_64_TO_32_BIT_CONVERSION = YES;
				GCC_WARN_ABOUT_RETURN_TYPE = YES_ERROR;
				GCC_WARN_UNDECLARED_SELECTOR = YES;
				GCC_WARN_UNINITIALIZED_AUTOS = YES_AGGRESSIVE;
				GCC_WARN_UNUSED_FUNCTION = YES;
				GCC_WARN_UNUSED_VARIABLE = YES;
				IPHONEOS_DEPLOYMENT_TARGET = 13.2;
				MTL_ENABLE_DEBUG_INFO = INCLUDE_SOURCE;
				MTL_FAST_MATH = YES;
				ONLY_ACTIVE_ARCH = YES;
				SDKROOT = iphoneos;
				SWIFT_ACTIVE_COMPILATION_CONDITIONS = DEBUG;
				SWIFT_OPTIMIZATION_LEVEL = "-Onone";
			};
			name = Debug;
		};
		89D99FD4244A22F000384A74 /* Release */ = {
			isa = XCBuildConfiguration;
			buildSettings = {
				ALWAYS_SEARCH_USER_PATHS = NO;
				CLANG_ANALYZER_NONNULL = YES;
				CLANG_ANALYZER_NUMBER_OBJECT_CONVERSION = YES_AGGRESSIVE;
				CLANG_CXX_LANGUAGE_STANDARD = "gnu++14";
				CLANG_CXX_LIBRARY = "libc++";
				CLANG_ENABLE_MODULES = YES;
				CLANG_ENABLE_OBJC_ARC = YES;
				CLANG_ENABLE_OBJC_WEAK = YES;
				CLANG_WARN_BLOCK_CAPTURE_AUTORELEASING = YES;
				CLANG_WARN_BOOL_CONVERSION = YES;
				CLANG_WARN_COMMA = YES;
				CLANG_WARN_CONSTANT_CONVERSION = YES;
				CLANG_WARN_DEPRECATED_OBJC_IMPLEMENTATIONS = YES;
				CLANG_WARN_DIRECT_OBJC_ISA_USAGE = YES_ERROR;
				CLANG_WARN_DOCUMENTATION_COMMENTS = YES;
				CLANG_WARN_EMPTY_BODY = YES;
				CLANG_WARN_ENUM_CONVERSION = YES;
				CLANG_WARN_INFINITE_RECURSION = YES;
				CLANG_WARN_INT_CONVERSION = YES;
				CLANG_WARN_NON_LITERAL_NULL_CONVERSION = YES;
				CLANG_WARN_OBJC_IMPLICIT_RETAIN_SELF = YES;
				CLANG_WARN_OBJC_LITERAL_CONVERSION = YES;
				CLANG_WARN_OBJC_ROOT_CLASS = YES_ERROR;
				CLANG_WARN_RANGE_LOOP_ANALYSIS = YES;
				CLANG_WARN_STRICT_PROTOTYPES = YES;
				CLANG_WARN_SUSPICIOUS_MOVE = YES;
				CLANG_WARN_UNGUARDED_AVAILABILITY = YES_AGGRESSIVE;
				CLANG_WARN_UNREACHABLE_CODE = YES;
				CLANG_WARN__DUPLICATE_METHOD_MATCH = YES;
				COPY_PHASE_STRIP = NO;
				DEBUG_INFORMATION_FORMAT = "dwarf-with-dsym";
				ENABLE_NS_ASSERTIONS = NO;
				ENABLE_STRICT_OBJC_MSGSEND = YES;
				GCC_C_LANGUAGE_STANDARD = gnu11;
				GCC_NO_COMMON_BLOCKS = YES;
				GCC_WARN_64_TO_32_BIT_CONVERSION = YES;
				GCC_WARN_ABOUT_RETURN_TYPE = YES_ERROR;
				GCC_WARN_UNDECLARED_SELECTOR = YES;
				GCC_WARN_UNINITIALIZED_AUTOS = YES_AGGRESSIVE;
				GCC_WARN_UNUSED_FUNCTION = YES;
				GCC_WARN_UNUSED_VARIABLE = YES;
				IPHONEOS_DEPLOYMENT_TARGET = 13.2;
				MTL_ENABLE_DEBUG_INFO = NO;
				MTL_FAST_MATH = YES;
				SDKROOT = iphoneos;
				SWIFT_COMPILATION_MODE = wholemodule;
				SWIFT_OPTIMIZATION_LEVEL = "-O";
				VALIDATE_PRODUCT = YES;
			};
			name = Release;
		};
		89D99FD6244A22F000384A74 /* Debug */ = {
			isa = XCBuildConfiguration;
			baseConfigurationReference = 61EC331292109E7E7512D3C7 /* Pods-Tchigomata.debug.xcconfig */;
			buildSettings = {
				ASSETCATALOG_COMPILER_APPICON_NAME = AppIcon;
				CODE_SIGN_STYLE = Automatic;
				DEVELOPMENT_TEAM = C495TNQ288;
				INFOPLIST_FILE = Tchigomata/Info.plist;
				LD_RUNPATH_SEARCH_PATHS = (
					"$(inherited)",
					"@executable_path/Frameworks",
				);
				PRODUCT_BUNDLE_IDENTIFIER = NYU.Tchigomata;
				PRODUCT_NAME = "$(TARGET_NAME)";
				SWIFT_VERSION = 5.0;
				TARGETED_DEVICE_FAMILY = "1,2";
			};
			name = Debug;
		};
		89D99FD7244A22F000384A74 /* Release */ = {
			isa = XCBuildConfiguration;
			baseConfigurationReference = FFD60608A81AF08504183302 /* Pods-Tchigomata.release.xcconfig */;
			buildSettings = {
				ASSETCATALOG_COMPILER_APPICON_NAME = AppIcon;
				CODE_SIGN_STYLE = Automatic;
				DEVELOPMENT_TEAM = C495TNQ288;
				INFOPLIST_FILE = Tchigomata/Info.plist;
				LD_RUNPATH_SEARCH_PATHS = (
					"$(inherited)",
					"@executable_path/Frameworks",
				);
				PRODUCT_BUNDLE_IDENTIFIER = NYU.Tchigomata;
				PRODUCT_NAME = "$(TARGET_NAME)";
				SWIFT_VERSION = 5.0;
				TARGETED_DEVICE_FAMILY = "1,2";
			};
			name = Release;
		};
		89D99FD9244A22F000384A74 /* Debug */ = {
			isa = XCBuildConfiguration;
			baseConfigurationReference = 4919C4DB63D3377AEFF4E83B /* Pods-TchigomataTests.debug.xcconfig */;
			buildSettings = {
				ALWAYS_EMBED_SWIFT_STANDARD_LIBRARIES = YES;
				BUNDLE_LOADER = "$(TEST_HOST)";
				CODE_SIGN_STYLE = Automatic;
				DEVELOPMENT_TEAM = C495TNQ288;
				INFOPLIST_FILE = TchigomataTests/Info.plist;
				IPHONEOS_DEPLOYMENT_TARGET = 13.2;
				LD_RUNPATH_SEARCH_PATHS = (
					"$(inherited)",
					"@executable_path/Frameworks",
					"@loader_path/Frameworks",
				);
				PRODUCT_BUNDLE_IDENTIFIER = NYU.TchigomataTests;
				PRODUCT_NAME = "$(TARGET_NAME)";
				SWIFT_VERSION = 5.0;
				TARGETED_DEVICE_FAMILY = "1,2";
				TEST_HOST = "$(BUILT_PRODUCTS_DIR)/Tchigomata.app/Tchigomata";
			};
			name = Debug;
		};
		89D99FDA244A22F000384A74 /* Release */ = {
			isa = XCBuildConfiguration;
			baseConfigurationReference = 5309B46FC17B4453953AC473 /* Pods-TchigomataTests.release.xcconfig */;
			buildSettings = {
				ALWAYS_EMBED_SWIFT_STANDARD_LIBRARIES = YES;
				BUNDLE_LOADER = "$(TEST_HOST)";
				CODE_SIGN_STYLE = Automatic;
				DEVELOPMENT_TEAM = C495TNQ288;
				INFOPLIST_FILE = TchigomataTests/Info.plist;
				IPHONEOS_DEPLOYMENT_TARGET = 13.2;
				LD_RUNPATH_SEARCH_PATHS = (
					"$(inherited)",
					"@executable_path/Frameworks",
					"@loader_path/Frameworks",
				);
				PRODUCT_BUNDLE_IDENTIFIER = NYU.TchigomataTests;
				PRODUCT_NAME = "$(TARGET_NAME)";
				SWIFT_VERSION = 5.0;
				TARGETED_DEVICE_FAMILY = "1,2";
				TEST_HOST = "$(BUILT_PRODUCTS_DIR)/Tchigomata.app/Tchigomata";
			};
			name = Release;
		};
		89D99FDC244A22F000384A74 /* Debug */ = {
			isa = XCBuildConfiguration;
			baseConfigurationReference = BE57986C49E1A469D7169853 /* Pods-Tchigomata-TchigomataUITests.debug.xcconfig */;
			buildSettings = {
				ALWAYS_EMBED_SWIFT_STANDARD_LIBRARIES = YES;
				CODE_SIGN_STYLE = Automatic;
				DEVELOPMENT_TEAM = C495TNQ288;
				INFOPLIST_FILE = TchigomataUITests/Info.plist;
				LD_RUNPATH_SEARCH_PATHS = (
					"$(inherited)",
					"@executable_path/Frameworks",
					"@loader_path/Frameworks",
				);
				PRODUCT_BUNDLE_IDENTIFIER = NYU.TchigomataUITests;
				PRODUCT_NAME = "$(TARGET_NAME)";
				SWIFT_VERSION = 5.0;
				TARGETED_DEVICE_FAMILY = "1,2";
				TEST_TARGET_NAME = Tchigomata;
			};
			name = Debug;
		};
		89D99FDD244A22F000384A74 /* Release */ = {
			isa = XCBuildConfiguration;
			baseConfigurationReference = B1D92143E4A4F5D1D7EFFA96 /* Pods-Tchigomata-TchigomataUITests.release.xcconfig */;
			buildSettings = {
				ALWAYS_EMBED_SWIFT_STANDARD_LIBRARIES = YES;
				CODE_SIGN_STYLE = Automatic;
				DEVELOPMENT_TEAM = C495TNQ288;
				INFOPLIST_FILE = TchigomataUITests/Info.plist;
				LD_RUNPATH_SEARCH_PATHS = (
					"$(inherited)",
					"@executable_path/Frameworks",
					"@loader_path/Frameworks",
				);
				PRODUCT_BUNDLE_IDENTIFIER = NYU.TchigomataUITests;
				PRODUCT_NAME = "$(TARGET_NAME)";
				SWIFT_VERSION = 5.0;
				TARGETED_DEVICE_FAMILY = "1,2";
				TEST_TARGET_NAME = Tchigomata;
			};
			name = Release;
		};
/* End XCBuildConfiguration section */

/* Begin XCConfigurationList section */
		89D99FA6244A22EC00384A74 /* Build configuration list for PBXProject "Tchigomata" */ = {
			isa = XCConfigurationList;
			buildConfigurations = (
				89D99FD3244A22F000384A74 /* Debug */,
				89D99FD4244A22F000384A74 /* Release */,
			);
			defaultConfigurationIsVisible = 0;
			defaultConfigurationName = Release;
		};
		89D99FD5244A22F000384A74 /* Build configuration list for PBXNativeTarget "Tchigomata" */ = {
			isa = XCConfigurationList;
			buildConfigurations = (
				89D99FD6244A22F000384A74 /* Debug */,
				89D99FD7244A22F000384A74 /* Release */,
			);
			defaultConfigurationIsVisible = 0;
			defaultConfigurationName = Release;
		};
		89D99FD8244A22F000384A74 /* Build configuration list for PBXNativeTarget "TchigomataTests" */ = {
			isa = XCConfigurationList;
			buildConfigurations = (
				89D99FD9244A22F000384A74 /* Debug */,
				89D99FDA244A22F000384A74 /* Release */,
			);
			defaultConfigurationIsVisible = 0;
			defaultConfigurationName = Release;
		};
		89D99FDB244A22F000384A74 /* Build configuration list for PBXNativeTarget "TchigomataUITests" */ = {
			isa = XCConfigurationList;
			buildConfigurations = (
				89D99FDC244A22F000384A74 /* Debug */,
				89D99FDD244A22F000384A74 /* Release */,
			);
			defaultConfigurationIsVisible = 0;
			defaultConfigurationName = Release;
		};
/* End XCConfigurationList section */
	};
	rootObject = 89D99FA3244A22EC00384A74 /* Project object */;
}
